hash: d251a50a097018bd4ff802b5c3c4145c7fe8d34a8a6d1639e981e062e7387c33
updated: 2017-10-27T14:01:55.611572619+08:00
imports:
- name: github.com/docker/docker
  version: 90d35abf7b3535c1c319c872900fbd76374e521c
  subpackages:
  - api/types
- name: github.com/docker/go-connections
  version: 3ede32e2033de7505e6500d6c868c2b9ed9f169d
  subpackages:
  - nat
- name: github.com/gorilla/websocket
  version: ea4d1f681babbce9545c9c5f3d5194a789c89f5b
- name: github.com/jhoonb/archivex
  version: be4efa7ec0c38ab76d56037014c90d48d6b13037
- name: github.com/phayes/freeport
  version: b8543db493a5ed890c5499e935e2cad7504f3a04
- name: github.com/rs/xid
  version: 02dd45c33376f85d1064355dc790dcc4850596b1
testImports: []
