# This file is autogenerated, do not edit; changes may be undone by the next 'dep ensure'.


[[projects]]
  name = "github.com/Microsoft/go-winio"
  packages = ["."]
  revision = "78439966b38d69bf38227fbf57ac8a6fee70f69a"
  version = "v0.4.5"

[[projects]]
  branch = "master"
  name = "github.com/Sirupsen/logrus"
  packages = ["."]
  revision = "89742aefa4b206dcf400792f3bd35b542998eb3b"

[[projects]]
  name = "github.com/docker/distribution"
  packages = ["digestset","reference"]
  revision = "7484e51bf6af0d3b1a849644cdaced3cfcf13617"

[[projects]]
  name = "github.com/docker/docker"
  packages = ["api","api/types","api/types/blkiodev","api/types/container","api/types/events","api/types/filters","api/types/image","api/types/mount","api/types/network","api/types/registry","api/types/strslice","api/types/swarm","api/types/time","api/types/versions","api/types/volume","client","pkg/ioutils","pkg/longpath","pkg/system","pkg/tlsconfig"]
  revision = "90d35abf7b3535c1c319c872900fbd76374e521c"
  version = "v17.05.0-ce-rc3"

[[projects]]
  name = "github.com/docker/go-connections"
  packages = ["nat","sockets","tlsconfig"]
  revision = "3ede32e2033de7505e6500d6c868c2b9ed9f169d"
  version = "v0.3.0"

[[projects]]
  name = "github.com/docker/go-units"
  packages = ["."]
  revision = "0dadbb0345b35ec7ef35e228dabb8de89a65bf52"
  version = "v0.3.2"

[[projects]]
  branch = "master"
  name = "github.com/docker/libtrust"
  packages = ["."]
  revision = "aabc10ec26b754e797f9028f4589c5b7bd90dc20"

[[projects]]
  name = "github.com/gorilla/websocket"
  packages = ["."]
  revision = "ea4d1f681babbce9545c9c5f3d5194a789c89f5b"
  version = "v1.2.0"

[[projects]]
  branch = "master"
  name = "github.com/jhoonb/archivex"
  packages = ["."]
  revision = "be4efa7ec0c38ab76d56037014c90d48d6b13037"

[[projects]]
  name = "github.com/metrue/fx"
  packages = ["commands/down","commands/list","commands/up","config","server","server/docker-api","server/env","server/handlers","utils"]
  revision = "d9825a5d78b2559f17e894748c014568f07f957f"

[[projects]]
  name = "github.com/opencontainers/go-digest"
  packages = ["."]
  revision = "279bed98673dd5bef374d3b6e4b09e2af76183bf"
  version = "v1.0.0-rc1"

[[projects]]
  name = "github.com/phayes/freeport"
  packages = ["."]
  revision = "b8543db493a5ed890c5499e935e2cad7504f3a04"
  version = "1.0.2"

[[projects]]
  branch = "master"
  name = "github.com/pkg/errors"
  packages = ["."]
  revision = "f15c970de5b76fac0b59abb32d62c17cc7bed265"

[[projects]]
  name = "github.com/rs/xid"
  packages = ["."]
  revision = "02dd45c33376f85d1064355dc790dcc4850596b1"
  version = "v1.1"

[[projects]]
  name = "golang.org/x/crypto"
  packages = ["ssh/terminal"]
  revision = "edd5e9b0879d13ee6970a50153d85b8fec9f7686"

[[projects]]
  name = "golang.org/x/net"
  packages = ["context","context/ctxhttp","proxy"]
  revision = "cd69bc3fc700721b709c3a59e16e24c67b58f6ff"

[[projects]]
  name = "golang.org/x/sys"
  packages = ["unix","windows"]
  revision = "8dbc5d05d6edcc104950cc299a1ce6641235bc86"

[solve-meta]
  analyzer-name = "dep"
  analyzer-version = 1
  inputs-digest = "d19b506ff705b2819c92638b47df26814475387c37fcc100042a938718861112"
  solver-name = "gps-cdcl"
  solver-version = 1
