# This file is autogenerated, do not edit; changes may be undone by the next 'dep ensure'.


[[projects]]
  digest = "1:317998b1359366dda9f69cdbd108c39c7b3813a69002246fac4e3548646c1620"
  name = "github.com/apex/log"
  packages = ["."]
  pruneopts = ""
  revision = "941dea75d3ebfbdd905a5d8b7b232965c5e5c684"
  version = "v1.1.0"

[[projects]]
  digest = "1:0deddd908b6b4b768cfc272c16ee61e7088a60f7fe2f06c547bd3d8e1f8b8e77"
  name = "github.com/davecgh/go-spew"
  packages = ["spew"]
  pruneopts = ""
  revision = "8991bc29aa16c548c550c7ff78260e27b9ab7c73"
  version = "v1.1.1"

[[projects]]
  branch = "master"
  digest = "1:0e2a96f87af56565ab9c5ad79104b84a142192fbb0a969f79b1baab26c6c50a9"
  name = "github.com/docker/docker"
  packages = [
    "api/types",
    "api/types/blkiodev",
    "api/types/container",
    "api/types/filters",
    "api/types/mount",
    "api/types/network",
    "api/types/registry",
    "api/types/strslice",
    "api/types/swarm",
    "api/types/swarm/runtime",
    "api/types/versions",
    "errdefs",
  ]
  pruneopts = ""
  revision = "46036c230805d55eed797c45678e5e69ef9c1386"

[[projects]]
  digest = "1:ebe593d8b65a2947b78b6e164a2dac1a230b977a700b694da3a398b03b7afb04"
  name = "github.com/docker/go-connections"
  packages = ["nat"]
  pruneopts = ""
  revision = "7395e3f8aa162843a74ed6d48e79627d9792ac55"
  version = "v0.4.0"

[[projects]]
  digest = "1:582d54fcb7233da8dde1dfd2210a5b9675d0685f84246a8d317b07d680c18b1b"
  name = "github.com/docker/go-units"
  packages = ["."]
  pruneopts = ""
  revision = "47565b4f722fb6ceae66b95f853feed578a4a51c"
  version = "v0.3.3"

[[projects]]
  digest = "1:ba9a3ee3359edeeec2c6c1ddb6976db4b7ca6ad045e73b43471e32f01b5786e4"
  name = "github.com/dsnet/compress"
  packages = [
    ".",
    "bzip2",
    "bzip2/internal/sais",
    "internal",
    "internal/errors",
    "internal/prefix",
  ]
  pruneopts = ""
  revision = "da652975a8eea9fa0735aba8056747a751db0bd3"
  version = "v0.0.1"

[[projects]]
  digest = "1:83e42cd058ee568f8897de6fb1ec66ba5751ab88436e8d9759824502a9fbed27"
  name = "github.com/gobuffalo/envy"
  packages = ["."]
  pruneopts = ""
  revision = "fa0dfdc10b5366ce365b7d9d1755a03e4e797bc5"
  version = "v1.6.15"

[[projects]]
  branch = "master"
  digest = "1:4dc3a807179b54e44ee710e30cae87ea4ba5f3ee6b96a1929ab8042ece05fe19"
  name = "github.com/gobuffalo/packd"
  packages = ["."]
  pruneopts = ""
  revision = "d04dd98aca5b9aa7ca7c36ee639a21bcc69de32a"

[[projects]]
  digest = "1:169b0f13452aa130cad334e8398aa8358759ab96e4d045bd8b6cba3e27ccda4d"
  name = "github.com/gobuffalo/packr"
  packages = ["."]
  pruneopts = ""
  revision = "5aa3f2df6770adb7f8719a43ef25c2522af176ed"
  version = "v2.0.3"

[[projects]]
  branch = "master"
  digest = "1:03179c4a6eecf90cbfbb07648e6202dd999904531c9757ba034f009904de3a9c"
  name = "github.com/gobuffalo/syncx"
  packages = ["."]
  pruneopts = ""
  revision = "33c29581e754bd354236e977dfe426e55331c45d"

[[projects]]
  digest = "1:fd53b471edb4c28c7d297f617f4da0d33402755f58d6301e7ca1197ef0a90937"
  name = "github.com/gogo/protobuf"
  packages = ["proto"]
  pruneopts = ""
  revision = "ba06b47c162d49f2af050fb4c75bcbc86a159d5c"
  version = "v1.2.1"

[[projects]]
  digest = "1:530233672f656641b365f8efb38ed9fba80e420baff2ce87633813ab3755ed6d"
  name = "github.com/golang/mock"
  packages = ["gomock"]
  pruneopts = ""
  revision = "51421b967af1f557f93a59e0057aaf15ca02e29c"
  version = "v1.2.0"

[[projects]]
  digest = "1:6a6322a15aa8e99bd156fbba0aae4e5d67b4bb05251d860b348a45dfdcba9cce"
  name = "github.com/golang/snappy"
  packages = ["."]
  pruneopts = ""
  revision = "2a8bb927dd31d8daada140a5d09578521ce5c36a"
  version = "v0.0.1"

[[projects]]
  digest = "1:cea4aa2038169ee558bf507d5ea02c94ca85bcca28a4c7bb99fd59b31e43a686"
  name = "github.com/google/go-querystring"
  packages = ["query"]
  pruneopts = ""
  revision = "44c6ddd0a2342c386950e880b658017258da92fc"
  version = "v1.0.0"

[[projects]]
  digest = "1:ad92aa49f34cbc3546063c7eb2cabb55ee2278b72842eda80e2a20a8a06a8d73"
  name = "github.com/google/uuid"
  packages = ["."]
  pruneopts = ""
  revision = "0cd6bf5da1e1c83f8b45653022c74f71af0538a4"
  version = "v1.1.1"

[[projects]]
  digest = "1:0f31ddb2589297fc1d716f45b34e34bff34e968de1aa239543274c87522e86f4"
  name = "github.com/h2non/parth"
  packages = ["."]
  pruneopts = ""
  revision = "b4df798d65426f8c8ab5ca5f9987aec5575d26c9"
  version = "v2.0.1"

[[projects]]
  digest = "1:7df5a9695a743c3e1626b28bb8741602c8c15527e1efaeaec48ab2ff9a23f74c"
  name = "github.com/joho/godotenv"
  packages = ["."]
  pruneopts = ""
  revision = "23d116af351c84513e1946b527c88823e476be13"
  version = "v1.3.0"

[[projects]]
  digest = "1:e26c759de83ce6fe27f99082458a7ad9fcc51a95215b4f5bbacd1345b61bc6ba"
  name = "github.com/mholt/archiver"
  packages = ["."]
  pruneopts = ""
  revision = "d572b2e8b82726cee9476d1b9d63a7fe9b601ff1"
  version = "v3.1.1"

[[projects]]
  digest = "1:b93a939355dc613ca1c23bf39f6d4c207da431a31dd8af001cc334ad24cab9d3"
  name = "github.com/nwaples/rardecode"
  packages = ["."]
  pruneopts = ""
  revision = "cc3e4b2381762c56dbcdf9f93be03349a1dc1c14"
  version = "v1.0.0"

[[projects]]
  digest = "1:5d9b668b0b4581a978f07e7d2e3314af18eb27b3fb5d19b70185b7c575723d11"
  name = "github.com/opencontainers/go-digest"
  packages = ["."]
  pruneopts = ""
  revision = "279bed98673dd5bef374d3b6e4b09e2af76183bf"
  version = "v1.0.0-rc1"

[[projects]]
  digest = "1:f26c8670b11e29a49c8e45f7ec7f2d5bac62e8fd4e3c0ae1662baa4a697f984a"
  name = "github.com/opencontainers/image-spec"
  packages = [
    "specs-go",
    "specs-go/v1",
  ]
  pruneopts = ""
  revision = "d60099175f88c47cd379c4738d158884749ed235"
  version = "v1.0.1"

[[projects]]
  digest = "1:7879c0c194c2befcb7e9aaf0163f21daf9f33e5c74372949bed08b6396736ed0"
  name = "github.com/phayes/freeport"
  packages = ["."]
  pruneopts = ""
  revision = "b8543db493a5ed890c5499e935e2cad7504f3a04"
  version = "1.0.2"

[[projects]]
  digest = "1:21b276e792044150a96175edd51d653649b9fd175c51a4613f2741b411c6d674"
  name = "github.com/pierrec/lz4"
  packages = [
    ".",
    "internal/xxh32",
  ]
  pruneopts = ""
  revision = "062282ea0dcff40c9fb8525789eef9644b1fbd6e"
  version = "v2.1.0"

[[projects]]
  digest = "1:1d7e1867c49a6dd9856598ef7c3123604ea3daabf5b83f303ff457bcbc410b1d"
  name = "github.com/pkg/errors"
  packages = ["."]
  pruneopts = ""
  revision = "ba968bfe8b2f7e042a574c888954fccecfa385b4"
  version = "v0.8.1"

[[projects]]
  digest = "1:256484dbbcd271f9ecebc6795b2df8cad4c458dd0f5fd82a8c2fa0c29f233411"
  name = "github.com/pmezard/go-difflib"
  packages = ["difflib"]
  pruneopts = ""
  revision = "792786c7400a136282c1664665ae0a8db921c6c2"
  version = "v1.0.0"

[[projects]]
  digest = "1:d367886e3a8134415fad58fb2ac44e2f38aa88068adca7a02d59a555f87085c0"
  name = "github.com/rogpeppe/go-internal"
  packages = [
    "modfile",
    "module",
    "semver",
  ]
  pruneopts = ""
  revision = "1cf9852c553c5b7da2d5a4a091129a7822fed0c9"
  version = "v1.2.2"

[[projects]]
  digest = "1:381bcbeb112a51493d9d998bbba207a529c73dbb49b3fd789e48c63fac1f192c"
  name = "github.com/stretchr/testify"
  packages = ["assert"]
  pruneopts = ""
  revision = "ffdc059bfe9ce6a4e144ba849dbedead332c6053"
  version = "v1.3.0"

[[projects]]
  digest = "1:cc4c87dc4fa2a87abd2a0901cbd8c0ca10a4a83929d62947de0ad111ab830e01"
  name = "github.com/ulikunitz/xz"
  packages = [
    ".",
    "internal/hash",
    "internal/xlog",
    "lzma",
  ]
  pruneopts = ""
  revision = "6f934d456d51e742b4eeab20d925a827ef22320a"
  version = "v0.5.6"

[[projects]]
  digest = "1:e85837cb04b78f61688c6eba93ea9d14f60d611e2aaf8319999b1a60d2dafbfa"
  name = "github.com/urfave/cli"
  packages = ["."]
  pruneopts = ""
  revision = "cfb38830724cc34fedffe9a2a29fb54fa9169cd1"
  version = "v1.20.0"

[[projects]]
  branch = "master"
  digest = "1:5d5ea0c53c32b0465b910eb1d98b045c2f14c416880c54dd5356a1c6b4569041"
  name = "github.com/xi2/xz"
  packages = ["."]
  pruneopts = ""
  revision = "48954b6210f8d154cb5f8484d3a3e1f83489309e"

[[projects]]
  digest = "1:5eeb4bfc6db411dbb34a6d9e5d49a9956b160d59fd004ee8f03fe53c9605c082"
  name = "gopkg.in/h2non/gock.v1"
  packages = ["."]
  pruneopts = ""
  revision = "ba88c4862a27596539531ce469478a91bc5a0511"
  version = "v1.0.14"

[solve-meta]
  analyzer-name = "dep"
  analyzer-version = 1
  input-imports = [
    "github.com/apex/log",
    "github.com/docker/docker/api/types",
    "github.com/docker/docker/api/types/container",
    "github.com/docker/docker/api/types/network",
    "github.com/docker/go-connections/nat",
    "github.com/gobuffalo/packr",
    "github.com/golang/mock/gomock",
    "github.com/google/go-querystring/query",
    "github.com/google/uuid",
    "github.com/mholt/archiver",
    "github.com/phayes/freeport",
    "github.com/stretchr/testify/assert",
    "github.com/urfave/cli",
    "gopkg.in/h2non/gock.v1",
  ]
  solver-name = "gps-cdcl"
  solver-version = 1
