{
  "name": "fx-node-base",
  "version": "1.0.0",
  "lockfileVersion": 1,
  "requires": true,
  "dependencies": {
    "@koa/cors": {
      "version": "2.2.3",
      "resolved": "https://registry.npmjs.org/@koa/cors/-/cors-2.2.3.tgz",
      "integrity": "sha512-tCVVXa39ETsit5kGBtEWWimjLn1sDaeu8+0phgb8kT3GmBDZOykkI3ZO8nMjV2p3MGkJI4K5P+bxR8Ztq0bwsA==",
      "requires": {
        "vary": "^1.1.2"
      }
    },
    "node-fetch": {
      "version": "2.6.0",
      "resolved": "https://registry.npmjs.org/node-fetch/-/node-fetch-2.6.0.tgz",
      "integrity": "sha512-8dG4H5ujfvFiqDmVu9fQ5bOHUC15JMjMY/Zumv26oOvvVJjM67KF8koCWIabKQ1GJIa9r2mMZscBq/TbdOcmNA=="
    },
    "vary": {
      "version": "1.1.2",
      "resolved": "https://registry.npmjs.org/vary/-/vary-1.1.2.tgz",
      "integrity": "sha1-IpnwLG3tMNSllhsLn3RSShj2NPw="
    }
  }
}
